// !$*UTF8*$!
{
	archiveVersion = 1;
	classes = {
	};
	objectVersion = 55;
	objects = {

/* Begin PBXBuildFile section */
		BC37B1AB28F75F6400B89B8F /* HomeViewModel.swift in Sources */ = {isa = PBXBuildFile; fileRef = BC37B1AA28F75F6400B89B8F /* HomeViewModel.swift */; };
		BC37B1AE28F762B300B89B8F /* HomeViewController.swift in Sources */ = {isa = PBXBuildFile; fileRef = BC37B1AC28F762B300B89B8F /* HomeViewController.swift */; };
		BC37B1AF28F762B300B89B8F /* HomeViewController.xib in Resources */ = {isa = PBXBuildFile; fileRef = BC37B1AD28F762B300B89B8F /* HomeViewController.xib */; };
		BC4903BB28F8124D00DFD3E4 /* CustomCell.swift in Sources */ = {isa = PBXBuildFile; fileRef = BC4903B928F8124D00DFD3E4 /* CustomCell.swift */; };
		BC4903BC28F8124D00DFD3E4 /* CustomCell.xib in Resources */ = {isa = PBXBuildFile; fileRef = BC4903BA28F8124D00DFD3E4 /* CustomCell.xib */; };
		BC4903BF28F821FC00DFD3E4 /* AlbumDetailViewModel.swift in Sources */ = {isa = PBXBuildFile; fileRef = BC4903BE28F821FC00DFD3E4 /* AlbumDetailViewModel.swift */; };
		BC4903C228F82D4800DFD3E4 /* AlbumDetailVC.swift in Sources */ = {isa = PBXBuildFile; fileRef = BC4903C028F82D4800DFD3E4 /* AlbumDetailVC.swift */; };
		BC4903C328F82D4800DFD3E4 /* AlbumDetailVC.xib in Resources */ = {isa = PBXBuildFile; fileRef = BC4903C128F82D4800DFD3E4 /* AlbumDetailVC.xib */; };
		BC4903C628F83DEE00DFD3E4 /* AlbumsDetailCell.swift in Sources */ = {isa = PBXBuildFile; fileRef = BC4903C428F83DED00DFD3E4 /* AlbumsDetailCell.swift */; };
		BC4903C728F83DEE00DFD3E4 /* AlbumsDetailCell.xib in Resources */ = {isa = PBXBuildFile; fileRef = BC4903C528F83DED00DFD3E4 /* AlbumsDetailCell.xib */; };
		BC4E475D28EF70EB0048FA27 /* AppDelegate.swift in Sources */ = {isa = PBXBuildFile; fileRef = BC4E475C28EF70EB0048FA27 /* AppDelegate.swift */; };
		BC4E475F28EF70EB0048FA27 /* SceneDelegate.swift in Sources */ = {isa = PBXBuildFile; fileRef = BC4E475E28EF70EB0048FA27 /* SceneDelegate.swift */; };
		BC4E476428EF70EB0048FA27 /* Main.storyboard in Resources */ = {isa = PBXBuildFile; fileRef = BC4E476228EF70EB0048FA27 /* Main.storyboard */; };
		BC4E476628EF70ED0048FA27 /* Assets.xcassets in Resources */ = {isa = PBXBuildFile; fileRef = BC4E476528EF70ED0048FA27 /* Assets.xcassets */; };
		BC4E476928EF70ED0048FA27 /* LaunchScreen.storyboard in Resources */ = {isa = PBXBuildFile; fileRef = BC4E476728EF70ED0048FA27 /* LaunchScreen.storyboard */; };
		BC4E477428EF70EE0048FA27 /* MVVM_PracticeTests.swift in Sources */ = {isa = PBXBuildFile; fileRef = BC4E477328EF70EE0048FA27 /* MVVM_PracticeTests.swift */; };
		BC4E477E28EF70EE0048FA27 /* MVVM_PracticeUITests.swift in Sources */ = {isa = PBXBuildFile; fileRef = BC4E477D28EF70EE0048FA27 /* MVVM_PracticeUITests.swift */; };
		BC4E478028EF70EE0048FA27 /* MVVM_PracticeUITestsLaunchTests.swift in Sources */ = {isa = PBXBuildFile; fileRef = BC4E477F28EF70EE0048FA27 /* MVVM_PracticeUITestsLaunchTests.swift */; };
		BC4E478E28EF71590048FA27 /* Constant.swift in Sources */ = {isa = PBXBuildFile; fileRef = BC4E478D28EF71590048FA27 /* Constant.swift */; };
		BC4E479028EF72570048FA27 /* API.swift in Sources */ = {isa = PBXBuildFile; fileRef = BC4E478F28EF72570048FA27 /* API.swift */; };
		BC4E479428EF72D20048FA27 /* String+Extension.swift in Sources */ = {isa = PBXBuildFile; fileRef = BC4E479328EF72D20048FA27 /* String+Extension.swift */; };
		BC4E479A28EF73750048FA27 /* RequestMethod.swift in Sources */ = {isa = PBXBuildFile; fileRef = BC4E479928EF73750048FA27 /* RequestMethod.swift */; };
		BC4E479C28EF73EF0048FA27 /* AlbumAPI.swift in Sources */ = {isa = PBXBuildFile; fileRef = BC4E479B28EF73EF0048FA27 /* AlbumAPI.swift */; };
		BC4E479E28EF74040048FA27 /* UserAPI.swift in Sources */ = {isa = PBXBuildFile; fileRef = BC4E479D28EF74040048FA27 /* UserAPI.swift */; };
		BC4E47A028EF74440048FA27 /* ApiError.swift in Sources */ = {isa = PBXBuildFile; fileRef = BC4E479F28EF74440048FA27 /* ApiError.swift */; };
		BC4E47A328EF76120048FA27 /* NetworkManager.swift in Sources */ = {isa = PBXBuildFile; fileRef = BC4E47A228EF76120048FA27 /* NetworkManager.swift */; };
		BC4E47A628EF77D50048FA27 /* RequestModel.swift in Sources */ = {isa = PBXBuildFile; fileRef = BC4E47A528EF77D50048FA27 /* RequestModel.swift */; };
		BC4E47A828EF83F50048FA27 /* AlbumRequestModel.swift in Sources */ = {isa = PBXBuildFile; fileRef = BC4E47A728EF83F50048FA27 /* AlbumRequestModel.swift */; };
		BC4E47AA28EF84C90048FA27 /* UserRequestModel.swift in Sources */ = {isa = PBXBuildFile; fileRef = BC4E47A928EF84C90048FA27 /* UserRequestModel.swift */; };
		BC4E47AD28EF85F00048FA27 /* AlbumResponseModel.swift in Sources */ = {isa = PBXBuildFile; fileRef = BC4E47AC28EF85F00048FA27 /* AlbumResponseModel.swift */; };
		BC4E47AF28EF86220048FA27 /* UserResponseModel.swift in Sources */ = {isa = PBXBuildFile; fileRef = BC4E47AE28EF86220048FA27 /* UserResponseModel.swift */; };
		BC660A8928F84FEC0035CC22 /* PhotoDetailViewModel.swift in Sources */ = {isa = PBXBuildFile; fileRef = BC660A8828F84FEC0035CC22 /* PhotoDetailViewModel.swift */; };
		BC660A8C28F853F80035CC22 /* PhotoDetailVC.swift in Sources */ = {isa = PBXBuildFile; fileRef = BC660A8A28F853F80035CC22 /* PhotoDetailVC.swift */; };
		BC660A8D28F853F80035CC22 /* PhotoDetailVC.xib in Resources */ = {isa = PBXBuildFile; fileRef = BC660A8B28F853F80035CC22 /* PhotoDetailVC.xib */; };
		BC660A9128F856180035CC22 /* PhotoDetailCell.swift in Sources */ = {isa = PBXBuildFile; fileRef = BC660A8F28F856180035CC22 /* PhotoDetailCell.swift */; };
		BC660A9228F856180035CC22 /* PhotoDetailCell.xib in Resources */ = {isa = PBXBuildFile; fileRef = BC660A9028F856180035CC22 /* PhotoDetailCell.xib */; };
		BC660A9428F85E3E0035CC22 /* ImageView+Extension.swift in Sources */ = {isa = PBXBuildFile; fileRef = BC660A9328F85E3E0035CC22 /* ImageView+Extension.swift */; };
		BC660A9828F8679B0035CC22 /* LoadingManager.swift in Sources */ = {isa = PBXBuildFile; fileRef = BC660A9728F8679B0035CC22 /* LoadingManager.swift */; };
		BC660A9A28F868260035CC22 /* UIView+Extension.swift in Sources */ = {isa = PBXBuildFile; fileRef = BC660A9928F868260035CC22 /* UIView+Extension.swift */; };
		BC660A9D28F86AC90035CC22 /* AlertManager.swift in Sources */ = {isa = PBXBuildFile; fileRef = BC660A9C28F86AC90035CC22 /* AlertManager.swift */; };
		BC660A9F28F86D7E0035CC22 /* UIApplication+Extension.swift in Sources */ = {isa = PBXBuildFile; fileRef = BC660A9E28F86D7E0035CC22 /* UIApplication+Extension.swift */; };
		BCBBC56528F0AF7200643933 /* PhotosRequestModel.swift in Sources */ = {isa = PBXBuildFile; fileRef = BCBBC56428F0AF7200643933 /* PhotosRequestModel.swift */; };
		BCBBC56728F0AF7F00643933 /* PhotosResponseModel.swift in Sources */ = {isa = PBXBuildFile; fileRef = BCBBC56628F0AF7F00643933 /* PhotosResponseModel.swift */; };
		BCBBC56928F0AF8D00643933 /* PhotosAPI.swift in Sources */ = {isa = PBXBuildFile; fileRef = BCBBC56828F0AF8D00643933 /* PhotosAPI.swift */; };
/* End PBXBuildFile section */

/* Begin PBXContainerItemProxy section */
		BC4E477028EF70EE0048FA27 /* PBXContainerItemProxy */ = {
			isa = PBXContainerItemProxy;
			containerPortal = BC4E475128EF70EB0048FA27 /* Project object */;
			proxyType = 1;
			remoteGlobalIDString = BC4E475828EF70EB0048FA27;
			remoteInfo = MVVM_Practice;
		};
		BC4E477A28EF70EE0048FA27 /* PBXContainerItemProxy */ = {
			isa = PBXContainerItemProxy;
			containerPortal = BC4E475128EF70EB0048FA27 /* Project object */;
			proxyType = 1;
			remoteGlobalIDString = BC4E475828EF70EB0048FA27;
			remoteInfo = MVVM_Practice;
		};
/* End PBXContainerItemProxy section */

/* Begin PBXFileReference section */
		BC37B1AA28F75F6400B89B8F /* HomeViewModel.swift */ = {isa = PBXFileReference; lastKnownFileType = sourcecode.swift; path = HomeViewModel.swift; sourceTree = "<group>"; };
		BC37B1AC28F762B300B89B8F /* HomeViewController.swift */ = {isa = PBXFileReference; lastKnownFileType = sourcecode.swift; path = HomeViewController.swift; sourceTree = "<group>"; };
		BC37B1AD28F762B300B89B8F /* HomeViewController.xib */ = {isa = PBXFileReference; lastKnownFileType = file.xib; path = HomeViewController.xib; sourceTree = "<group>"; };
		BC4903B928F8124D00DFD3E4 /* CustomCell.swift */ = {isa = PBXFileReference; lastKnownFileType = sourcecode.swift; path = CustomCell.swift; sourceTree = "<group>"; };
		BC4903BA28F8124D00DFD3E4 /* CustomCell.xib */ = {isa = PBXFileReference; lastKnownFileType = file.xib; path = CustomCell.xib; sourceTree = "<group>"; };
		BC4903BE28F821FC00DFD3E4 /* AlbumDetailViewModel.swift */ = {isa = PBXFileReference; lastKnownFileType = sourcecode.swift; path = AlbumDetailViewModel.swift; sourceTree = "<group>"; };
		BC4903C028F82D4800DFD3E4 /* AlbumDetailVC.swift */ = {isa = PBXFileReference; lastKnownFileType = sourcecode.swift; path = AlbumDetailVC.swift; sourceTree = "<group>"; };
		BC4903C128F82D4800DFD3E4 /* AlbumDetailVC.xib */ = {isa = PBXFileReference; lastKnownFileType = file.xib; path = AlbumDetailVC.xib; sourceTree = "<group>"; };
		BC4903C428F83DED00DFD3E4 /* AlbumsDetailCell.swift */ = {isa = PBXFileReference; lastKnownFileType = sourcecode.swift; path = AlbumsDetailCell.swift; sourceTree = "<group>"; };
		BC4903C528F83DED00DFD3E4 /* AlbumsDetailCell.xib */ = {isa = PBXFileReference; lastKnownFileType = file.xib; path = AlbumsDetailCell.xib; sourceTree = "<group>"; };
		BC4E475928EF70EB0048FA27 /* MVVM_Practice.app */ = {isa = PBXFileReference; explicitFileType = wrapper.application; includeInIndex = 0; path = MVVM_Practice.app; sourceTree = BUILT_PRODUCTS_DIR; };
		BC4E475C28EF70EB0048FA27 /* AppDelegate.swift */ = {isa = PBXFileReference; lastKnownFileType = sourcecode.swift; path = AppDelegate.swift; sourceTree = "<group>"; };
		BC4E475E28EF70EB0048FA27 /* SceneDelegate.swift */ = {isa = PBXFileReference; lastKnownFileType = sourcecode.swift; path = SceneDelegate.swift; sourceTree = "<group>"; };
		BC4E476328EF70EB0048FA27 /* Base */ = {isa = PBXFileReference; lastKnownFileType = file.storyboard; name = Base; path = Base.lproj/Main.storyboard; sourceTree = "<group>"; };
		BC4E476528EF70ED0048FA27 /* Assets.xcassets */ = {isa = PBXFileReference; lastKnownFileType = folder.assetcatalog; path = Assets.xcassets; sourceTree = "<group>"; };
		BC4E476828EF70ED0048FA27 /* Base */ = {isa = PBXFileReference; lastKnownFileType = file.storyboard; name = Base; path = Base.lproj/LaunchScreen.storyboard; sourceTree = "<group>"; };
		BC4E476A28EF70ED0048FA27 /* Info.plist */ = {isa = PBXFileReference; lastKnownFileType = text.plist.xml; path = Info.plist; sourceTree = "<group>"; };
		BC4E476F28EF70EE0048FA27 /* MVVM_PracticeTests.xctest */ = {isa = PBXFileReference; explicitFileType = wrapper.cfbundle; includeInIndex = 0; path = MVVM_PracticeTests.xctest; sourceTree = BUILT_PRODUCTS_DIR; };
		BC4E477328EF70EE0048FA27 /* MVVM_PracticeTests.swift */ = {isa = PBXFileReference; lastKnownFileType = sourcecode.swift; path = MVVM_PracticeTests.swift; sourceTree = "<group>"; };
		BC4E477928EF70EE0048FA27 /* MVVM_PracticeUITests.xctest */ = {isa = PBXFileReference; explicitFileType = wrapper.cfbundle; includeInIndex = 0; path = MVVM_PracticeUITests.xctest; sourceTree = BUILT_PRODUCTS_DIR; };
		BC4E477D28EF70EE0048FA27 /* MVVM_PracticeUITests.swift */ = {isa = PBXFileReference; lastKnownFileType = sourcecode.swift; path = MVVM_PracticeUITests.swift; sourceTree = "<group>"; };
		BC4E477F28EF70EE0048FA27 /* MVVM_PracticeUITestsLaunchTests.swift */ = {isa = PBXFileReference; lastKnownFileType = sourcecode.swift; path = MVVM_PracticeUITestsLaunchTests.swift; sourceTree = "<group>"; };
		BC4E478D28EF71590048FA27 /* Constant.swift */ = {isa = PBXFileReference; lastKnownFileType = sourcecode.swift; path = Constant.swift; sourceTree = "<group>"; };
		BC4E478F28EF72570048FA27 /* API.swift */ = {isa = PBXFileReference; lastKnownFileType = sourcecode.swift; path = API.swift; sourceTree = "<group>"; };
		BC4E479328EF72D20048FA27 /* String+Extension.swift */ = {isa = PBXFileReference; lastKnownFileType = sourcecode.swift; path = "String+Extension.swift"; sourceTree = "<group>"; };
		BC4E479928EF73750048FA27 /* RequestMethod.swift */ = {isa = PBXFileReference; lastKnownFileType = sourcecode.swift; path = RequestMethod.swift; sourceTree = "<group>"; };
		BC4E479B28EF73EF0048FA27 /* AlbumAPI.swift */ = {isa = PBXFileReference; lastKnownFileType = sourcecode.swift; path = AlbumAPI.swift; sourceTree = "<group>"; };
		BC4E479D28EF74040048FA27 /* UserAPI.swift */ = {isa = PBXFileReference; lastKnownFileType = sourcecode.swift; path = UserAPI.swift; sourceTree = "<group>"; };
		BC4E479F28EF74440048FA27 /* ApiError.swift */ = {isa = PBXFileReference; lastKnownFileType = sourcecode.swift; path = ApiError.swift; sourceTree = "<group>"; };
		BC4E47A228EF76120048FA27 /* NetworkManager.swift */ = {isa = PBXFileReference; lastKnownFileType = sourcecode.swift; path = NetworkManager.swift; sourceTree = "<group>"; };
		BC4E47A528EF77D50048FA27 /* RequestModel.swift */ = {isa = PBXFileReference; lastKnownFileType = sourcecode.swift; path = RequestModel.swift; sourceTree = "<group>"; };
		BC4E47A728EF83F50048FA27 /* AlbumRequestModel.swift */ = {isa = PBXFileReference; lastKnownFileType = sourcecode.swift; path = AlbumRequestModel.swift; sourceTree = "<group>"; };
		BC4E47A928EF84C90048FA27 /* UserRequestModel.swift */ = {isa = PBXFileReference; lastKnownFileType = sourcecode.swift; path = UserRequestModel.swift; sourceTree = "<group>"; };
		BC4E47AC28EF85F00048FA27 /* AlbumResponseModel.swift */ = {isa = PBXFileReference; lastKnownFileType = sourcecode.swift; path = AlbumResponseModel.swift; sourceTree = "<group>"; };
		BC4E47AE28EF86220048FA27 /* UserResponseModel.swift */ = {isa = PBXFileReference; lastKnownFileType = sourcecode.swift; path = UserResponseModel.swift; sourceTree = "<group>"; };
		BC660A8828F84FEC0035CC22 /* PhotoDetailViewModel.swift */ = {isa = PBXFileReference; lastKnownFileType = sourcecode.swift; path = PhotoDetailViewModel.swift; sourceTree = "<group>"; };
		BC660A8A28F853F80035CC22 /* PhotoDetailVC.swift */ = {isa = PBXFileReference; lastKnownFileType = sourcecode.swift; path = PhotoDetailVC.swift; sourceTree = "<group>"; };
		BC660A8B28F853F80035CC22 /* PhotoDetailVC.xib */ = {isa = PBXFileReference; lastKnownFileType = file.xib; path = PhotoDetailVC.xib; sourceTree = "<group>"; };
		BC660A8F28F856180035CC22 /* PhotoDetailCell.swift */ = {isa = PBXFileReference; lastKnownFileType = sourcecode.swift; path = PhotoDetailCell.swift; sourceTree = "<group>"; };
		BC660A9028F856180035CC22 /* PhotoDetailCell.xib */ = {isa = PBXFileReference; lastKnownFileType = file.xib; path = PhotoDetailCell.xib; sourceTree = "<group>"; };
		BC660A9328F85E3E0035CC22 /* ImageView+Extension.swift */ = {isa = PBXFileReference; lastKnownFileType = sourcecode.swift; path = "ImageView+Extension.swift"; sourceTree = "<group>"; };
		BC660A9728F8679B0035CC22 /* LoadingManager.swift */ = {isa = PBXFileReference; lastKnownFileType = sourcecode.swift; path = LoadingManager.swift; sourceTree = "<group>"; };
		BC660A9928F868260035CC22 /* UIView+Extension.swift */ = {isa = PBXFileReference; lastKnownFileType = sourcecode.swift; path = "UIView+Extension.swift"; sourceTree = "<group>"; };
		BC660A9C28F86AC90035CC22 /* AlertManager.swift */ = {isa = PBXFileReference; lastKnownFileType = sourcecode.swift; path = AlertManager.swift; sourceTree = "<group>"; };
		BC660A9E28F86D7E0035CC22 /* UIApplication+Extension.swift */ = {isa = PBXFileReference; lastKnownFileType = sourcecode.swift; path = "UIApplication+Extension.swift"; sourceTree = "<group>"; };
		BCBBC56428F0AF7200643933 /* PhotosRequestModel.swift */ = {isa = PBXFileReference; lastKnownFileType = sourcecode.swift; path = PhotosRequestModel.swift; sourceTree = "<group>"; };
		BCBBC56628F0AF7F00643933 /* PhotosResponseModel.swift */ = {isa = PBXFileReference; lastKnownFileType = sourcecode.swift; path = PhotosResponseModel.swift; sourceTree = "<group>"; };
		BCBBC56828F0AF8D00643933 /* PhotosAPI.swift */ = {isa = PBXFileReference; lastKnownFileType = sourcecode.swift; path = PhotosAPI.swift; sourceTree = "<group>"; };
/* End PBXFileReference section */

/* Begin PBXFrameworksBuildPhase section */
		BC4E475628EF70EB0048FA27 /* Frameworks */ = {
			isa = PBXFrameworksBuildPhase;
			buildActionMask = 2147483647;
			files = (
			);
			runOnlyForDeploymentPostprocessing = 0;
		};
		BC4E476C28EF70EE0048FA27 /* Frameworks */ = {
			isa = PBXFrameworksBuildPhase;
			buildActionMask = 2147483647;
			files = (
			);
			runOnlyForDeploymentPostprocessing = 0;
		};
		BC4E477628EF70EE0048FA27 /* Frameworks */ = {
			isa = PBXFrameworksBuildPhase;
			buildActionMask = 2147483647;
			files = (
			);
			runOnlyForDeploymentPostprocessing = 0;
		};
/* End PBXFrameworksBuildPhase section */

/* Begin PBXGroup section */
		BC37B1A828F75F4700B89B8F /* Modules */ = {
			isa = PBXGroup;
			children = (
				BC37B1A928F75F4C00B89B8F /* Home */,
				BC4903BD28F821D000DFD3E4 /* AlbumDetail */,
				BC660A8728F84FC90035CC22 /* PhotoDetail */,
			);
			path = Modules;
			sourceTree = "<group>";
		};
		BC37B1A928F75F4C00B89B8F /* Home */ = {
			isa = PBXGroup;
			children = (
				BC37B1AC28F762B300B89B8F /* HomeViewController.swift */,
				BC37B1AD28F762B300B89B8F /* HomeViewController.xib */,
				BC37B1AA28F75F6400B89B8F /* HomeViewModel.swift */,
				BC4903C828F83DF600DFD3E4 /* HomeCell */,
			);
			path = Home;
			sourceTree = "<group>";
		};
		BC4903BD28F821D000DFD3E4 /* AlbumDetail */ = {
			isa = PBXGroup;
			children = (
				BC4903C028F82D4800DFD3E4 /* AlbumDetailVC.swift */,
				BC4903C128F82D4800DFD3E4 /* AlbumDetailVC.xib */,
				BC4903BE28F821FC00DFD3E4 /* AlbumDetailViewModel.swift */,
				BC4903C928F83E0A00DFD3E4 /* AlbumDetailCell */,
			);
			path = AlbumDetail;
			sourceTree = "<group>";
		};
		BC4903C828F83DF600DFD3E4 /* HomeCell */ = {
			isa = PBXGroup;
			children = (
				BC4903BA28F8124D00DFD3E4 /* CustomCell.xib */,
				BC4903B928F8124D00DFD3E4 /* CustomCell.swift */,
			);
			path = HomeCell;
			sourceTree = "<group>";
		};
		BC4903C928F83E0A00DFD3E4 /* AlbumDetailCell */ = {
			isa = PBXGroup;
			children = (
				BC4903C528F83DED00DFD3E4 /* AlbumsDetailCell.xib */,
				BC4903C428F83DED00DFD3E4 /* AlbumsDetailCell.swift */,
			);
			path = AlbumDetailCell;
			sourceTree = "<group>";
		};
		BC4E475028EF70EB0048FA27 = {
			isa = PBXGroup;
			children = (
				BC4E475B28EF70EB0048FA27 /* MVVM_Practice */,
				BC4E477228EF70EE0048FA27 /* MVVM_PracticeTests */,
				BC4E477C28EF70EE0048FA27 /* MVVM_PracticeUITests */,
				BC4E475A28EF70EB0048FA27 /* Products */,
			);
			sourceTree = "<group>";
		};
		BC4E475A28EF70EB0048FA27 /* Products */ = {
			isa = PBXGroup;
			children = (
				BC4E475928EF70EB0048FA27 /* MVVM_Practice.app */,
				BC4E476F28EF70EE0048FA27 /* MVVM_PracticeTests.xctest */,
				BC4E477928EF70EE0048FA27 /* MVVM_PracticeUITests.xctest */,
			);
			name = Products;
			sourceTree = "<group>";
		};
		BC4E475B28EF70EB0048FA27 /* MVVM_Practice */ = {
			isa = PBXGroup;
			children = (
				BC660A9528F867480035CC22 /* Managers */,
				BC37B1A828F75F4700B89B8F /* Modules */,
				BC4E479128EF72B40048FA27 /* Utilities */,
				BC4E47B128EF88820048FA27 /* Resources */,
				BC4E47B028EF88780048FA27 /* Delegates */,
				BC4E47AB28EF85E10048FA27 /* Response */,
				BC4E47A428EF778A0048FA27 /* Request */,
				BC4E479528EF731F0048FA27 /* Network */,
				BC4E478C28EF71450048FA27 /* Constants */,
				BC4E476228EF70EB0048FA27 /* Main.storyboard */,
				BC4E476728EF70ED0048FA27 /* LaunchScreen.storyboard */,
				BC4E476A28EF70ED0048FA27 /* Info.plist */,
			);
			path = MVVM_Practice;
			sourceTree = "<group>";
		};
		BC4E477228EF70EE0048FA27 /* MVVM_PracticeTests */ = {
			isa = PBXGroup;
			children = (
				BC4E477328EF70EE0048FA27 /* MVVM_PracticeTests.swift */,
			);
			path = MVVM_PracticeTests;
			sourceTree = "<group>";
		};
		BC4E477C28EF70EE0048FA27 /* MVVM_PracticeUITests */ = {
			isa = PBXGroup;
			children = (
				BC4E477D28EF70EE0048FA27 /* MVVM_PracticeUITests.swift */,
				BC4E477F28EF70EE0048FA27 /* MVVM_PracticeUITestsLaunchTests.swift */,
			);
			path = MVVM_PracticeUITests;
			sourceTree = "<group>";
		};
		BC4E478C28EF71450048FA27 /* Constants */ = {
			isa = PBXGroup;
			children = (
				BC4E478D28EF71590048FA27 /* Constant.swift */,
				BC4E478F28EF72570048FA27 /* API.swift */,
			);
			path = Constants;
			sourceTree = "<group>";
		};
		BC4E479128EF72B40048FA27 /* Utilities */ = {
			isa = PBXGroup;
			children = (
				BC4E479228EF72BB0048FA27 /* Extensions */,
			);
			path = Utilities;
			sourceTree = "<group>";
		};
		BC4E479228EF72BB0048FA27 /* Extensions */ = {
			isa = PBXGroup;
			children = (
				BC4E479328EF72D20048FA27 /* String+Extension.swift */,
				BC660A9328F85E3E0035CC22 /* ImageView+Extension.swift */,
				BC660A9928F868260035CC22 /* UIView+Extension.swift */,
				BC660A9E28F86D7E0035CC22 /* UIApplication+Extension.swift */,
			);
			path = Extensions;
			sourceTree = "<group>";
		};
		BC4E479528EF731F0048FA27 /* Network */ = {
			isa = PBXGroup;
			children = (
				BC4E479828EF73370048FA27 /* RequestMethod */,
				BC4E479728EF732E0048FA27 /* APIs */,
				BC4E479628EF73280048FA27 /* ApiError */,
			);
			path = Network;
			sourceTree = "<group>";
		};
		BC4E479628EF73280048FA27 /* ApiError */ = {
			isa = PBXGroup;
			children = (
				BC4E479F28EF74440048FA27 /* ApiError.swift */,
			);
			path = ApiError;
			sourceTree = "<group>";
		};
		BC4E479728EF732E0048FA27 /* APIs */ = {
			isa = PBXGroup;
			children = (
				BC4E479B28EF73EF0048FA27 /* AlbumAPI.swift */,
				BC4E479D28EF74040048FA27 /* UserAPI.swift */,
				BCBBC56828F0AF8D00643933 /* PhotosAPI.swift */,
			);
			path = APIs;
			sourceTree = "<group>";
		};
		BC4E479828EF73370048FA27 /* RequestMethod */ = {
			isa = PBXGroup;
			children = (
				BC4E479928EF73750048FA27 /* RequestMethod.swift */,
			);
			path = RequestMethod;
			sourceTree = "<group>";
		};
		BC4E47A128EF76000048FA27 /* NetworkManager */ = {
			isa = PBXGroup;
			children = (
				BC4E47A228EF76120048FA27 /* NetworkManager.swift */,
			);
			path = NetworkManager;
			sourceTree = "<group>";
		};
		BC4E47A428EF778A0048FA27 /* Request */ = {
			isa = PBXGroup;
			children = (
				BC4E47A528EF77D50048FA27 /* RequestModel.swift */,
				BC4E47A728EF83F50048FA27 /* AlbumRequestModel.swift */,
				BC4E47A928EF84C90048FA27 /* UserRequestModel.swift */,
				BCBBC56428F0AF7200643933 /* PhotosRequestModel.swift */,
			);
			path = Request;
			sourceTree = "<group>";
		};
		BC4E47AB28EF85E10048FA27 /* Response */ = {
			isa = PBXGroup;
			children = (
				BC4E47AC28EF85F00048FA27 /* AlbumResponseModel.swift */,
				BC4E47AE28EF86220048FA27 /* UserResponseModel.swift */,
				BCBBC56628F0AF7F00643933 /* PhotosResponseModel.swift */,
			);
			path = Response;
			sourceTree = "<group>";
		};
		BC4E47B028EF88780048FA27 /* Delegates */ = {
			isa = PBXGroup;
			children = (
				BC4E475E28EF70EB0048FA27 /* SceneDelegate.swift */,
				BC4E475C28EF70EB0048FA27 /* AppDelegate.swift */,
			);
			path = Delegates;
			sourceTree = "<group>";
		};
		BC4E47B128EF88820048FA27 /* Resources */ = {
			isa = PBXGroup;
			children = (
				BC4E476528EF70ED0048FA27 /* Assets.xcassets */,
			);
			path = Resources;
			sourceTree = "<group>";
		};
		BC660A8728F84FC90035CC22 /* PhotoDetail */ = {
			isa = PBXGroup;
			children = (
				BC660A8A28F853F80035CC22 /* PhotoDetailVC.swift */,
				BC660A8B28F853F80035CC22 /* PhotoDetailVC.xib */,
				BC660A8828F84FEC0035CC22 /* PhotoDetailViewModel.swift */,
				BC660A8E28F855F80035CC22 /* PhotoDetailCell */,
			);
			path = PhotoDetail;
			sourceTree = "<group>";
		};
		BC660A8E28F855F80035CC22 /* PhotoDetailCell */ = {
			isa = PBXGroup;
			children = (
				BC660A8F28F856180035CC22 /* PhotoDetailCell.swift */,
				BC660A9028F856180035CC22 /* PhotoDetailCell.xib */,
			);
			path = PhotoDetailCell;
			sourceTree = "<group>";
		};
		BC660A9528F867480035CC22 /* Managers */ = {
			isa = PBXGroup;
			children = (
				BC660A9B28F86AC00035CC22 /* AlertManager */,
				BC660A9628F867640035CC22 /* LoadingManager */,
				BC4E47A128EF76000048FA27 /* NetworkManager */,
			);
			path = Managers;
			sourceTree = "<group>";
		};
		BC660A9628F867640035CC22 /* LoadingManager */ = {
			isa = PBXGroup;
			children = (
				BC660A9728F8679B0035CC22 /* LoadingManager.swift */,
			);
			path = LoadingManager;
			sourceTree = "<group>";
		};
		BC660A9B28F86AC00035CC22 /* AlertManager */ = {
			isa = PBXGroup;
			children = (
				BC660A9C28F86AC90035CC22 /* AlertManager.swift */,
			);
			path = AlertManager;
			sourceTree = "<group>";
		};
/* End PBXGroup section */

/* Begin PBXNativeTarget section */
		BC4E475828EF70EB0048FA27 /* MVVM_Practice */ = {
			isa = PBXNativeTarget;
			buildConfigurationList = BC4E478328EF70EE0048FA27 /* Build configuration list for PBXNativeTarget "MVVM_Practice" */;
			buildPhases = (
				BC4E475528EF70EB0048FA27 /* Sources */,
				BC4E475628EF70EB0048FA27 /* Frameworks */,
				BC4E475728EF70EB0048FA27 /* Resources */,
			);
			buildRules = (
			);
			dependencies = (
			);
			name = MVVM_Practice;
			productName = MVVM_Practice;
			productReference = BC4E475928EF70EB0048FA27 /* MVVM_Practice.app */;
			productType = "com.apple.product-type.application";
		};
		BC4E476E28EF70EE0048FA27 /* MVVM_PracticeTests */ = {
			isa = PBXNativeTarget;
			buildConfigurationList = BC4E478628EF70EE0048FA27 /* Build configuration list for PBXNativeTarget "MVVM_PracticeTests" */;
			buildPhases = (
				BC4E476B28EF70EE0048FA27 /* Sources */,
				BC4E476C28EF70EE0048FA27 /* Frameworks */,
				BC4E476D28EF70EE0048FA27 /* Resources */,
			);
			buildRules = (
			);
			dependencies = (
				BC4E477128EF70EE0048FA27 /* PBXTargetDependency */,
			);
			name = MVVM_PracticeTests;
			productName = MVVM_PracticeTests;
			productReference = BC4E476F28EF70EE0048FA27 /* MVVM_PracticeTests.xctest */;
			productType = "com.apple.product-type.bundle.unit-test";
		};
		BC4E477828EF70EE0048FA27 /* MVVM_PracticeUITests */ = {
			isa = PBXNativeTarget;
			buildConfigurationList = BC4E478928EF70EE0048FA27 /* Build configuration list for PBXNativeTarget "MVVM_PracticeUITests" */;
			buildPhases = (
				BC4E477528EF70EE0048FA27 /* Sources */,
				BC4E477628EF70EE0048FA27 /* Frameworks */,
				BC4E477728EF70EE0048FA27 /* Resources */,
			);
			buildRules = (
			);
			dependencies = (
				BC4E477B28EF70EE0048FA27 /* PBXTargetDependency */,
			);
			name = MVVM_PracticeUITests;
			productName = MVVM_PracticeUITests;
			productReference = BC4E477928EF70EE0048FA27 /* MVVM_PracticeUITests.xctest */;
			productType = "com.apple.product-type.bundle.ui-testing";
		};
/* End PBXNativeTarget section */

/* Begin PBXProject section */
		BC4E475128EF70EB0048FA27 /* Project object */ = {
			isa = PBXProject;
			attributes = {
				BuildIndependentTargetsInParallel = 1;
				LastSwiftUpdateCheck = 1340;
				LastUpgradeCheck = 1340;
				TargetAttributes = {
					BC4E475828EF70EB0048FA27 = {
						CreatedOnToolsVersion = 13.4.1;
					};
					BC4E476E28EF70EE0048FA27 = {
						CreatedOnToolsVersion = 13.4.1;
						TestTargetID = BC4E475828EF70EB0048FA27;
					};
					BC4E477828EF70EE0048FA27 = {
						CreatedOnToolsVersion = 13.4.1;
						TestTargetID = BC4E475828EF70EB0048FA27;
					};
				};
			};
			buildConfigurationList = BC4E475428EF70EB0048FA27 /* Build configuration list for PBXProject "MVVM_Practice" */;
			compatibilityVersion = "Xcode 13.0";
			developmentRegion = en;
			hasScannedForEncodings = 0;
			knownRegions = (
				en,
				Base,
			);
			mainGroup = BC4E475028EF70EB0048FA27;
			productRefGroup = BC4E475A28EF70EB0048FA27 /* Products */;
			projectDirPath = "";
			projectRoot = "";
			targets = (
				BC4E475828EF70EB0048FA27 /* MVVM_Practice */,
				BC4E476E28EF70EE0048FA27 /* MVVM_PracticeTests */,
				BC4E477828EF70EE0048FA27 /* MVVM_PracticeUITests */,
			);
		};
/* End PBXProject section */

/* Begin PBXResourcesBuildPhase section */
		BC4E475728EF70EB0048FA27 /* Resources */ = {
			isa = PBXResourcesBuildPhase;
			buildActionMask = 2147483647;
			files = (
				BC660A8D28F853F80035CC22 /* PhotoDetailVC.xib in Resources */,
				BC4903BC28F8124D00DFD3E4 /* CustomCell.xib in Resources */,
				BC4903C728F83DEE00DFD3E4 /* AlbumsDetailCell.xib in Resources */,
				BC660A9228F856180035CC22 /* PhotoDetailCell.xib in Resources */,
				BC4E476928EF70ED0048FA27 /* LaunchScreen.storyboard in Resources */,
				BC4E476628EF70ED0048FA27 /* Assets.xcassets in Resources */,
				BC4E476428EF70EB0048FA27 /* Main.storyboard in Resources */,
				BC37B1AF28F762B300B89B8F /* HomeViewController.xib in Resources */,
				BC4903C328F82D4800DFD3E4 /* AlbumDetailVC.xib in Resources */,
			);
			runOnlyForDeploymentPostprocessing = 0;
		};
		BC4E476D28EF70EE0048FA27 /* Resources */ = {
			isa = PBXResourcesBuildPhase;
			buildActionMask = 2147483647;
			files = (
			);
			runOnlyForDeploymentPostprocessing = 0;
		};
		BC4E477728EF70EE0048FA27 /* Resources */ = {
			isa = PBXResourcesBuildPhase;
			buildActionMask = 2147483647;
			files = (
			);
			runOnlyForDeploymentPostprocessing = 0;
		};
/* End PBXResourcesBuildPhase section */

/* Begin PBXSourcesBuildPhase section */
		BC4E475528EF70EB0048FA27 /* Sources */ = {
			isa = PBXSourcesBuildPhase;
			buildActionMask = 2147483647;
			files = (
				BC4E47AF28EF86220048FA27 /* UserResponseModel.swift in Sources */,
				BC4E475D28EF70EB0048FA27 /* AppDelegate.swift in Sources */,
				BC37B1AB28F75F6400B89B8F /* HomeViewModel.swift in Sources */,
				BC4E47A828EF83F50048FA27 /* AlbumRequestModel.swift in Sources */,
				BC37B1AE28F762B300B89B8F /* HomeViewController.swift in Sources */,
				BC660A9128F856180035CC22 /* PhotoDetailCell.swift in Sources */,
				BC4E479428EF72D20048FA27 /* String+Extension.swift in Sources */,
				BC4E47A028EF74440048FA27 /* ApiError.swift in Sources */,
				BC4E47A328EF76120048FA27 /* NetworkManager.swift in Sources */,
				BC660A9828F8679B0035CC22 /* LoadingManager.swift in Sources */,
				BC4E47AD28EF85F00048FA27 /* AlbumResponseModel.swift in Sources */,
				BC4903BF28F821FC00DFD3E4 /* AlbumDetailViewModel.swift in Sources */,
				BC4E47AA28EF84C90048FA27 /* UserRequestModel.swift in Sources */,
				BCBBC56928F0AF8D00643933 /* PhotosAPI.swift in Sources */,
				BC4E475F28EF70EB0048FA27 /* SceneDelegate.swift in Sources */,
				BC4E479C28EF73EF0048FA27 /* AlbumAPI.swift in Sources */,
				BCBBC56528F0AF7200643933 /* PhotosRequestModel.swift in Sources */,
				BC4E479A28EF73750048FA27 /* RequestMethod.swift in Sources */,
				BC660A9F28F86D7E0035CC22 /* UIApplication+Extension.swift in Sources */,
				BC660A9A28F868260035CC22 /* UIView+Extension.swift in Sources */,
				BC4903C628F83DEE00DFD3E4 /* AlbumsDetailCell.swift in Sources */,
				BC4E478E28EF71590048FA27 /* Constant.swift in Sources */,
				BC660A8C28F853F80035CC22 /* PhotoDetailVC.swift in Sources */,
				BC4E479028EF72570048FA27 /* API.swift in Sources */,
				BC660A8928F84FEC0035CC22 /* PhotoDetailViewModel.swift in Sources */,
				BC660A9428F85E3E0035CC22 /* ImageView+Extension.swift in Sources */,
				BC660A9D28F86AC90035CC22 /* AlertManager.swift in Sources */,
				BCBBC56728F0AF7F00643933 /* PhotosResponseModel.swift in Sources */,
				BC4E479E28EF74040048FA27 /* UserAPI.swift in Sources */,
				BC4903C228F82D4800DFD3E4 /* AlbumDetailVC.swift in Sources */,
				BC4903BB28F8124D00DFD3E4 /* CustomCell.swift in Sources */,
				BC4E47A628EF77D50048FA27 /* RequestModel.swift in Sources */,
			);
			runOnlyForDeploymentPostprocessing = 0;
		};
		BC4E476B28EF70EE0048FA27 /* Sources */ = {
			isa = PBXSourcesBuildPhase;
			buildActionMask = 2147483647;
			files = (
				BC4E477428EF70EE0048FA27 /* MVVM_PracticeTests.swift in Sources */,
			);
			runOnlyForDeploymentPostprocessing = 0;
		};
		BC4E477528EF70EE0048FA27 /* Sources */ = {
			isa = PBXSourcesBuildPhase;
			buildActionMask = 2147483647;
			files = (
				BC4E477E28EF70EE0048FA27 /* MVVM_PracticeUITests.swift in Sources */,
				BC4E478028EF70EE0048FA27 /* MVVM_PracticeUITestsLaunchTests.swift in Sources */,
			);
			runOnlyForDeploymentPostprocessing = 0;
		};
/* End PBXSourcesBuildPhase section */

/* Begin PBXTargetDependency section */
		BC4E477128EF70EE0048FA27 /* PBXTargetDependency */ = {
			isa = PBXTargetDependency;
			target = BC4E475828EF70EB0048FA27 /* MVVM_Practice */;
			targetProxy = BC4E477028EF70EE0048FA27 /* PBXContainerItemProxy */;
		};
		BC4E477B28EF70EE0048FA27 /* PBXTargetDependency */ = {
			isa = PBXTargetDependency;
			target = BC4E475828EF70EB0048FA27 /* MVVM_Practice */;
			targetProxy = BC4E477A28EF70EE0048FA27 /* PBXContainerItemProxy */;
		};
/* End PBXTargetDependency section */

/* Begin PBXVariantGroup section */
		BC4E476228EF70EB0048FA27 /* Main.storyboard */ = {
			isa = PBXVariantGroup;
			children = (
				BC4E476328EF70EB0048FA27 /* Base */,
			);
			name = Main.storyboard;
			sourceTree = "<group>";
		};
		BC4E476728EF70ED0048FA27 /* LaunchScreen.storyboard */ = {
			isa = PBXVariantGroup;
			children = (
				BC4E476828EF70ED0048FA27 /* Base */,
			);
			name = LaunchScreen.storyboard;
			sourceTree = "<group>";
		};
/* End PBXVariantGroup section */

/* Begin XCBuildConfiguration section */
		BC4E478128EF70EE0048FA27 /* Debug */ = {
			isa = XCBuildConfiguration;
			buildSettings = {
				ALWAYS_SEARCH_USER_PATHS = NO;
				CLANG_ANALYZER_NONNULL = YES;
				CLANG_ANALYZER_NUMBER_OBJECT_CONVERSION = YES_AGGRESSIVE;
				CLANG_CXX_LANGUAGE_STANDARD = "gnu++17";
				CLANG_ENABLE_MODULES = YES;
				CLANG_ENABLE_OBJC_ARC = YES;
				CLANG_ENABLE_OBJC_WEAK = YES;
				CLANG_WARN_BLOCK_CAPTURE_AUTORELEASING = YES;
				CLANG_WARN_BOOL_CONVERSION = YES;
				CLANG_WARN_COMMA = YES;
				CLANG_WARN_CONSTANT_CONVERSION = YES;
				CLANG_WARN_DEPRECATED_OBJC_IMPLEMENTATIONS = YES;
				CLANG_WARN_DIRECT_OBJC_ISA_USAGE = YES_ERROR;
				CLANG_WARN_DOCUMENTATION_COMMENTS = YES;
				CLANG_WARN_EMPTY_BODY = YES;
				CLANG_WARN_ENUM_CONVERSION = YES;
				CLANG_WARN_INFINITE_RECURSION = YES;
				CLANG_WARN_INT_CONVERSION = YES;
				CLANG_WARN_NON_LITERAL_NULL_CONVERSION = YES;
				CLANG_WARN_OBJC_IMPLICIT_RETAIN_SELF = YES;
				CLANG_WARN_OBJC_LITERAL_CONVERSION = YES;
				CLANG_WARN_OBJC_ROOT_CLASS = YES_ERROR;
				CLANG_WARN_QUOTED_INCLUDE_IN_FRAMEWORK_HEADER = YES;
				CLANG_WARN_RANGE_LOOP_ANALYSIS = YES;
				CLANG_WARN_STRICT_PROTOTYPES = YES;
				CLANG_WARN_SUSPICIOUS_MOVE = YES;
				CLANG_WARN_UNGUARDED_AVAILABILITY = YES_AGGRESSIVE;
				CLANG_WARN_UNREACHABLE_CODE = YES;
				CLANG_WARN__DUPLICATE_METHOD_MATCH = YES;
				COPY_PHASE_STRIP = NO;
				DEBUG_INFORMATION_FORMAT = dwarf;
				ENABLE_STRICT_OBJC_MSGSEND = YES;
				ENABLE_TESTABILITY = YES;
				GCC_C_LANGUAGE_STANDARD = gnu11;
				GCC_DYNAMIC_NO_PIC = NO;
				GCC_NO_COMMON_BLOCKS = YES;
				GCC_OPTIMIZATION_LEVEL = 0;
				GCC_PREPROCESSOR_DEFINITIONS = (
					"DEBUG=1",
					"$(inherited)",
				);
				GCC_WARN_64_TO_32_BIT_CONVERSION = YES;
				GCC_WARN_ABOUT_RETURN_TYPE = YES_ERROR;
				GCC_WARN_UNDECLARED_SELECTOR = YES;
				GCC_WARN_UNINITIALIZED_AUTOS = YES_AGGRESSIVE;
				GCC_WARN_UNUSED_FUNCTION = YES;
				GCC_WARN_UNUSED_VARIABLE = YES;
				IPHONEOS_DEPLOYMENT_TARGET = 15.5;
				MTL_ENABLE_DEBUG_INFO = INCLUDE_SOURCE;
				MTL_FAST_MATH = YES;
				ONLY_ACTIVE_ARCH = YES;
				SDKROOT = iphoneos;
				SWIFT_ACTIVE_COMPILATION_CONDITIONS = DEBUG;
				SWIFT_OPTIMIZATION_LEVEL = "-Onone";
			};
			name = Debug;
		};
		BC4E478228EF70EE0048FA27 /* Release */ = {
			isa = XCBuildConfiguration;
			buildSettings = {
				ALWAYS_SEARCH_USER_PATHS = NO;
				CLANG_ANALYZER_NONNULL = YES;
				CLANG_ANALYZER_NUMBER_OBJECT_CONVERSION = YES_AGGRESSIVE;
				CLANG_CXX_LANGUAGE_STANDARD = "gnu++17";
				CLANG_ENABLE_MODULES = YES;
				CLANG_ENABLE_OBJC_ARC = YES;
				CLANG_ENABLE_OBJC_WEAK = YES;
				CLANG_WARN_BLOCK_CAPTURE_AUTORELEASING = YES;
				CLANG_WARN_BOOL_CONVERSION = YES;
				CLANG_WARN_COMMA = YES;
				CLANG_WARN_CONSTANT_CONVERSION = YES;
				CLANG_WARN_DEPRECATED_OBJC_IMPLEMENTATIONS = YES;
				CLANG_WARN_DIRECT_OBJC_ISA_USAGE = YES_ERROR;
				CLANG_WARN_DOCUMENTATION_COMMENTS = YES;
				CLANG_WARN_EMPTY_BODY = YES;
				CLANG_WARN_ENUM_CONVERSION = YES;
				CLANG_WARN_INFINITE_RECURSION = YES;
				CLANG_WARN_INT_CONVERSION = YES;
				CLANG_WARN_NON_LITERAL_NULL_CONVERSION = YES;
				CLANG_WARN_OBJC_IMPLICIT_RETAIN_SELF = YES;
				CLANG_WARN_OBJC_LITERAL_CONVERSION = YES;
				CLANG_WARN_OBJC_ROOT_CLASS = YES_ERROR;
				CLANG_WARN_QUOTED_INCLUDE_IN_FRAMEWORK_HEADER = YES;
				CLANG_WARN_RANGE_LOOP_ANALYSIS = YES;
				CLANG_WARN_STRICT_PROTOTYPES = YES;
				CLANG_WARN_SUSPICIOUS_MOVE = YES;
				CLANG_WARN_UNGUARDED_AVAILABILITY = YES_AGGRESSIVE;
				CLANG_WARN_UNREACHABLE_CODE = YES;
				CLANG_WARN__DUPLICATE_METHOD_MATCH = YES;
				COPY_PHASE_STRIP = NO;
				DEBUG_INFORMATION_FORMAT = "dwarf-with-dsym";
				ENABLE_NS_ASSERTIONS = NO;
				ENABLE_STRICT_OBJC_MSGSEND = YES;
				GCC_C_LANGUAGE_STANDARD = gnu11;
				GCC_NO_COMMON_BLOCKS = YES;
				GCC_WARN_64_TO_32_BIT_CONVERSION = YES;
				GCC_WARN_ABOUT_RETURN_TYPE = YES_ERROR;
				GCC_WARN_UNDECLARED_SELECTOR = YES;
				GCC_WARN_UNINITIALIZED_AUTOS = YES_AGGRESSIVE;
				GCC_WARN_UNUSED_FUNCTION = YES;
				GCC_WARN_UNUSED_VARIABLE = YES;
				IPHONEOS_DEPLOYMENT_TARGET = 15.5;
				MTL_ENABLE_DEBUG_INFO = NO;
				MTL_FAST_MATH = YES;
				SDKROOT = iphoneos;
				SWIFT_COMPILATION_MODE = wholemodule;
				SWIFT_OPTIMIZATION_LEVEL = "-O";
				VALIDATE_PRODUCT = YES;
			};
			name = Release;
		};
		BC4E478428EF70EE0048FA27 /* Debug */ = {
			isa = XCBuildConfiguration;
			buildSettings = {
				ASSETCATALOG_COMPILER_APPICON_NAME = AppIcon;
				ASSETCATALOG_COMPILER_GLOBAL_ACCENT_COLOR_NAME = AccentColor;
				CODE_SIGN_STYLE = Automatic;
				CURRENT_PROJECT_VERSION = 1;
				DEVELOPMENT_TEAM = 9Z48JZ46F2;
				GENERATE_INFOPLIST_FILE = YES;
				INFOPLIST_FILE = MVVM_Practice/Info.plist;
				INFOPLIST_KEY_UIApplicationSupportsIndirectInputEvents = YES;
				INFOPLIST_KEY_UILaunchStoryboardName = LaunchScreen;
				INFOPLIST_KEY_UISupportedInterfaceOrientations_iPad = "UIInterfaceOrientationPortrait UIInterfaceOrientationPortraitUpsideDown UIInterfaceOrientationLandscapeLeft UIInterfaceOrientationLandscapeRight";
				INFOPLIST_KEY_UISupportedInterfaceOrientations_iPhone = "UIInterfaceOrientationPortrait UIInterfaceOrientationLandscapeLeft UIInterfaceOrientationLandscapeRight";
				IPHONEOS_DEPLOYMENT_TARGET = 14.0;
				LD_RUNPATH_SEARCH_PATHS = (
					"$(inherited)",
					"@executable_path/Frameworks",
				);
				MARKETING_VERSION = 1.0;
				PRODUCT_BUNDLE_IDENTIFIER = "com.cenkbahadircark.MVVM-Practice";
				PRODUCT_NAME = "$(TARGET_NAME)";
				SWIFT_EMIT_LOC_STRINGS = YES;
				SWIFT_VERSION = 5.0;
				TARGETED_DEVICE_FAMILY = "1,2";
			};
			name = Debug;
		};
		BC4E478528EF70EE0048FA27 /* Release */ = {
			isa = XCBuildConfiguration;
			buildSettings = {
				ASSETCATALOG_COMPILER_APPICON_NAME = AppIcon;
				ASSETCATALOG_COMPILER_GLOBAL_ACCENT_COLOR_NAME = AccentColor;
				CODE_SIGN_STYLE = Automatic;
				CURRENT_PROJECT_VERSION = 1;
				DEVELOPMENT_TEAM = 9Z48JZ46F2;
				GENERATE_INFOPLIST_FILE = YES;
				INFOPLIST_FILE = MVVM_Practice/Info.plist;
				INFOPLIST_KEY_UIApplicationSupportsIndirectInputEvents = YES;
				INFOPLIST_KEY_UILaunchStoryboardName = LaunchScreen;
				INFOPLIST_KEY_UISupportedInterfaceOrientations_iPad = "UIInterfaceOrientationPortrait UIInterfaceOrientationPortraitUpsideDown UIInterfaceOrientationLandscapeLeft UIInterfaceOrientationLandscapeRight";
				INFOPLIST_KEY_UISupportedInterfaceOrientations_iPhone = "UIInterfaceOrientationPortrait UIInterfaceOrientationLandscapeLeft UIInterfaceOrientationLandscapeRight";
				IPHONEOS_DEPLOYMENT_TARGET = 14.0;
				LD_RUNPATH_SEARCH_PATHS = (
					"$(inherited)",
					"@executable_path/Frameworks",
				);
				MARKETING_VERSION = 1.0;
				PRODUCT_BUNDLE_IDENTIFIER = "com.cenkbahadircark.MVVM-Practice";
				PRODUCT_NAME = "$(TARGET_NAME)";
				SWIFT_EMIT_LOC_STRINGS = YES;
				SWIFT_VERSION = 5.0;
				TARGETED_DEVICE_FAMILY = "1,2";
			};
			name = Release;
		};
		BC4E478728EF70EE0048FA27 /* Debug */ = {
			isa = XCBuildConfiguration;
			buildSettings = {
				ALWAYS_EMBED_SWIFT_STANDARD_LIBRARIES = YES;
				BUNDLE_LOADER = "$(TEST_HOST)";
				CODE_SIGN_STYLE = Automatic;
				CURRENT_PROJECT_VERSION = 1;
				DEVELOPMENT_TEAM = 9Z48JZ46F2;
				GENERATE_INFOPLIST_FILE = YES;
				IPHONEOS_DEPLOYMENT_TARGET = 15.5;
				MARKETING_VERSION = 1.0;
				PRODUCT_BUNDLE_IDENTIFIER = "com.cenkbahadircark.MVVM-PracticeTests";
				PRODUCT_NAME = "$(TARGET_NAME)";
				SWIFT_EMIT_LOC_STRINGS = NO;
				SWIFT_VERSION = 5.0;
				TARGETED_DEVICE_FAMILY = "1,2";
				TEST_HOST = "$(BUILT_PRODUCTS_DIR)/MVVM_Practice.app/MVVM_Practice";
			};
			name = Debug;
		};
		BC4E478828EF70EE0048FA27 /* Release */ = {
			isa = XCBuildConfiguration;
			buildSettings = {
				ALWAYS_EMBED_SWIFT_STANDARD_LIBRARIES = YES;
				BUNDLE_LOADER = "$(TEST_HOST)";
				CODE_SIGN_STYLE = Automatic;
				CURRENT_PROJECT_VERSION = 1;
				DEVELOPMENT_TEAM = 9Z48JZ46F2;
				GENERATE_INFOPLIST_FILE = YES;
				IPHONEOS_DEPLOYMENT_TARGET = 15.5;
				MARKETING_VERSION = 1.0;
				PRODUCT_BUNDLE_IDENTIFIER = "com.cenkbahadircark.MVVM-PracticeTests";
				PRODUCT_NAME = "$(TARGET_NAME)";
				SWIFT_EMIT_LOC_STRINGS = NO;
				SWIFT_VERSION = 5.0;
				TARGETED_DEVICE_FAMILY = "1,2";
				TEST_HOST = "$(BUILT_PRODUCTS_DIR)/MVVM_Practice.app/MVVM_Practice";
			};
			name = Release;
		};
		BC4E478A28EF70EE0048FA27 /* Debug */ = {
			isa = XCBuildConfiguration;
			buildSettings = {
				ALWAYS_EMBED_SWIFT_STANDARD_LIBRARIES = YES;
				CODE_SIGN_STYLE = Automatic;
				CURRENT_PROJECT_VERSION = 1;
				DEVELOPMENT_TEAM = 9Z48JZ46F2;
				GENERATE_INFOPLIST_FILE = YES;
				MARKETING_VERSION = 1.0;
				PRODUCT_BUNDLE_IDENTIFIER = "com.cenkbahadircark.MVVM-PracticeUITests";
				PRODUCT_NAME = "$(TARGET_NAME)";
				SWIFT_EMIT_LOC_STRINGS = NO;
				SWIFT_VERSION = 5.0;
				TARGETED_DEVICE_FAMILY = "1,2";
				TEST_TARGET_NAME = MVVM_Practice;
			};
			name = Debug;
		};
		BC4E478B28EF70EE0048FA27 /* Release */ = {
			isa = XCBuildConfiguration;
			buildSettings = {
				ALWAYS_EMBED_SWIFT_STANDARD_LIBRARIES = YES;
				CODE_SIGN_STYLE = Automatic;
				CURRENT_PROJECT_VERSION = 1;
				DEVELOPMENT_TEAM = 9Z48JZ46F2;
				GENERATE_INFOPLIST_FILE = YES;
				MARKETING_VERSION = 1.0;
				PRODUCT_BUNDLE_IDENTIFIER = "com.cenkbahadircark.MVVM-PracticeUITests";
				PRODUCT_NAME = "$(TARGET_NAME)";
				SWIFT_EMIT_LOC_STRINGS = NO;
				SWIFT_VERSION = 5.0;
				TARGETED_DEVICE_FAMILY = "1,2";
				TEST_TARGET_NAME = MVVM_Practice;
			};
			name = Release;
		};
/* End XCBuildConfiguration section */

/* Begin XCConfigurationList section */
		BC4E475428EF70EB0048FA27 /* Build configuration list for PBXProject "MVVM_Practice" */ = {
			isa = XCConfigurationList;
			buildConfigurations = (
				BC4E478128EF70EE0048FA27 /* Debug */,
				BC4E478228EF70EE0048FA27 /* Release */,
			);
			defaultConfigurationIsVisible = 0;
			defaultConfigurationName = Release;
		};
		BC4E478328EF70EE0048FA27 /* Build configuration list for PBXNativeTarget "MVVM_Practice" */ = {
			isa = XCConfigurationList;
			buildConfigurations = (
				BC4E478428EF70EE0048FA27 /* Debug */,
				BC4E478528EF70EE0048FA27 /* Release */,
			);
			defaultConfigurationIsVisible = 0;
			defaultConfigurationName = Release;
		};
		BC4E478628EF70EE0048FA27 /* Build configuration list for PBXNativeTarget "MVVM_PracticeTests" */ = {
			isa = XCConfigurationList;
			buildConfigurations = (
				BC4E478728EF70EE0048FA27 /* Debug */,
				BC4E478828EF70EE0048FA27 /* Release */,
			);
			defaultConfigurationIsVisible = 0;
			defaultConfigurationName = Release;
		};
		BC4E478928EF70EE0048FA27 /* Build configuration list for PBXNativeTarget "MVVM_PracticeUITests" */ = {
			isa = XCConfigurationList;
			buildConfigurations = (
				BC4E478A28EF70EE0048FA27 /* Debug */,
				BC4E478B28EF70EE0048FA27 /* Release */,
			);
			defaultConfigurationIsVisible = 0;
			defaultConfigurationName = Release;
		};
/* End XCConfigurationList section */
	};
	rootObject = BC4E475128EF70EB0048FA27 /* Project object */;
}
